
Microsoft Visual Studio Solution File, Format Version 12.00
# Visual Studio Version 16
VisualStudioVersion = 16.0.29326.143
MinimumVisualStudioVersion = 10.0.40219.1
Project("{9A19103F-16F7-4668-BE54-9A1E7A4F7556}") = "PG.ABBs.Webservices.DiaperSizerService", "PG.ABBs.Webservices.DiaperSizerService\PG.ABBs.Webservices.DiaperSizerService\PG.ABBs.Webservices.DiaperSizerService.csproj", "{A5B3688E-1892-4031-BF55-FAFD7B61DEAA}"
EndProject
Global
	GlobalSection(SolutionConfigurationPlatforms) = preSolution
		Debug|Any CPU = Debug|Any CPU
		Release|Any CPU = Release|Any CPU
	EndGlobalSection
	GlobalSection(ProjectConfigurationPlatforms) = postSolution
		{A5B3688E-1892-4031-BF55-FAFD7B61DEAA}.Debug|Any CPU.ActiveCfg = Debug|Any CPU
		{A5B3688E-1892-4031-BF55-FAFD7B61DEAA}.Debug|Any CPU.Build.0 = Debug|Any CPU
		{A5B3688E-1892-4031-BF55-FAFD7B61DEAA}.Release|Any CPU.ActiveCfg = Release|Any CPU
		{A5B3688E-1892-4031-BF55-FAFD7B61DEAA}.Release|Any CPU.Build.0 = Release|Any CPU
	EndGlobalSection
	GlobalSection(SolutionProperties) = preSolution
		HideSolutionNode = FALSE
	EndGlobalSection
	GlobalSection(ExtensibilityGlobals) = postSolution
		SolutionGuid = {C24150E7-61EF-475B-A1EB-DC235EE7C16D}
	EndGlobalSection
EndGlobal
